// !$*UTF8*$!
{
	archiveVersion = 1;
	classes = {
	};
	objectVersion = 50;
	objects = {

/* Begin PBXBuildFile section */
		53FA3CA12610977900AC8890 /* TouchdownApp.swift in Sources */ = {isa = PBXBuildFile; fileRef = 53FA3CA02610977900AC8890 /* TouchdownApp.swift */; };
		53FA3CA32610977900AC8890 /* ContentView.swift in Sources */ = {isa = PBXBuildFile; fileRef = 53FA3CA22610977900AC8890 /* ContentView.swift */; };
		53FA3CA52610977A00AC8890 /* Assets.xcassets in Resources */ = {isa = PBXBuildFile; fileRef = 53FA3CA42610977A00AC8890 /* Assets.xcassets */; };
		53FA3CA82610977A00AC8890 /* Preview Assets.xcassets in Resources */ = {isa = PBXBuildFile; fileRef = 53FA3CA72610977A00AC8890 /* Preview Assets.xcassets */; };
		53FA3CB426109A1800AC8890 /* brand.json in Resources */ = {isa = PBXBuildFile; fileRef = 53FA3CB026109A1800AC8890 /* brand.json */; };
		53FA3CB526109A1800AC8890 /* player.json in Resources */ = {isa = PBXBuildFile; fileRef = 53FA3CB126109A1800AC8890 /* player.json */; };
		53FA3CB626109A1800AC8890 /* category.json in Resources */ = {isa = PBXBuildFile; fileRef = 53FA3CB226109A1800AC8890 /* category.json */; };
		53FA3CB726109A1800AC8890 /* product.json in Resources */ = {isa = PBXBuildFile; fileRef = 53FA3CB326109A1800AC8890 /* product.json */; };
		53FA3CC326109B6300AC8890 /* Constants.swift in Sources */ = {isa = PBXBuildFile; fileRef = 53FA3CC226109B6300AC8890 /* Constants.swift */; };
		53FA3CC626109CF300AC8890 /* FooterView.swift in Sources */ = {isa = PBXBuildFile; fileRef = 53FA3CC526109CF300AC8890 /* FooterView.swift */; };
		53FA3CCA2610C71B00AC8890 /* NavigationBarView.swift in Sources */ = {isa = PBXBuildFile; fileRef = 53FA3CC92610C71B00AC8890 /* NavigationBarView.swift */; };
		53FA3CCD2610C93300AC8890 /* LogoView.swift in Sources */ = {isa = PBXBuildFile; fileRef = 53FA3CCC2610C93300AC8890 /* LogoView.swift */; };
/* End PBXBuildFile section */

/* Begin PBXFileReference section */
		53FA3C9D2610977900AC8890 /* Touchdown.app */ = {isa = PBXFileReference; explicitFileType = wrapper.application; includeInIndex = 0; path = Touchdown.app; sourceTree = BUILT_PRODUCTS_DIR; };
		53FA3CA02610977900AC8890 /* TouchdownApp.swift */ = {isa = PBXFileReference; lastKnownFileType = sourcecode.swift; path = TouchdownApp.swift; sourceTree = "<group>"; };
		53FA3CA22610977900AC8890 /* ContentView.swift */ = {isa = PBXFileReference; lastKnownFileType = sourcecode.swift; path = ContentView.swift; sourceTree = "<group>"; };
		53FA3CA42610977A00AC8890 /* Assets.xcassets */ = {isa = PBXFileReference; lastKnownFileType = folder.assetcatalog; path = Assets.xcassets; sourceTree = "<group>"; };
		53FA3CA72610977A00AC8890 /* Preview Assets.xcassets */ = {isa = PBXFileReference; lastKnownFileType = folder.assetcatalog; path = "Preview Assets.xcassets"; sourceTree = "<group>"; };
		53FA3CA92610977A00AC8890 /* Info.plist */ = {isa = PBXFileReference; lastKnownFileType = text.plist.xml; path = Info.plist; sourceTree = "<group>"; };
		53FA3CB026109A1800AC8890 /* brand.json */ = {isa = PBXFileReference; fileEncoding = 4; lastKnownFileType = text.json; path = brand.json; sourceTree = "<group>"; };
		53FA3CB126109A1800AC8890 /* player.json */ = {isa = PBXFileReference; fileEncoding = 4; lastKnownFileType = text.json; path = player.json; sourceTree = "<group>"; };
		53FA3CB226109A1800AC8890 /* category.json */ = {isa = PBXFileReference; fileEncoding = 4; lastKnownFileType = text.json; path = category.json; sourceTree = "<group>"; };
		53FA3CB326109A1800AC8890 /* product.json */ = {isa = PBXFileReference; fileEncoding = 4; lastKnownFileType = text.json; path = product.json; sourceTree = "<group>"; };
		53FA3CC226109B6300AC8890 /* Constants.swift */ = {isa = PBXFileReference; lastKnownFileType = sourcecode.swift; path = Constants.swift; sourceTree = "<group>"; };
		53FA3CC526109CF300AC8890 /* FooterView.swift */ = {isa = PBXFileReference; lastKnownFileType = sourcecode.swift; path = FooterView.swift; sourceTree = "<group>"; };
		53FA3CC92610C71B00AC8890 /* NavigationBarView.swift */ = {isa = PBXFileReference; lastKnownFileType = sourcecode.swift; path = NavigationBarView.swift; sourceTree = "<group>"; };
		53FA3CCC2610C93300AC8890 /* LogoView.swift */ = {isa = PBXFileReference; lastKnownFileType = sourcecode.swift; path = LogoView.swift; sourceTree = "<group>"; };
/* End PBXFileReference section */

/* Begin PBXFrameworksBuildPhase section */
		53FA3C9A2610977900AC8890 /* Frameworks */ = {
			isa = PBXFrameworksBuildPhase;
			buildActionMask = 2147483647;
			files = (
			);
			runOnlyForDeploymentPostprocessing = 0;
		};
/* End PBXFrameworksBuildPhase section */

/* Begin PBXGroup section */
		53FA3C942610977900AC8890 = {
			isa = PBXGroup;
			children = (
				53FA3C9F2610977900AC8890 /* Touchdown */,
				53FA3C9E2610977900AC8890 /* Products */,
			);
			sourceTree = "<group>";
		};
		53FA3C9E2610977900AC8890 /* Products */ = {
			isa = PBXGroup;
			children = (
				53FA3C9D2610977900AC8890 /* Touchdown.app */,
			);
			name = Products;
			sourceTree = "<group>";
		};
		53FA3C9F2610977900AC8890 /* Touchdown */ = {
			isa = PBXGroup;
			children = (
				53FA3CB926109AAF00AC8890 /* App */,
				53FA3CBF26109AE500AC8890 /* Model */,
				53FA3CBC26109AC300AC8890 /* View */,
				53FA3CBB26109AB700AC8890 /* Data */,
				53FA3CC126109AFA00AC8890 /* Utiliity */,
				53FA3CC026109AEE00AC8890 /* Extension */,
				53FA3CA42610977A00AC8890 /* Assets.xcassets */,
				53FA3CA92610977A00AC8890 /* Info.plist */,
				53FA3CA62610977A00AC8890 /* Preview Content */,
			);
			path = Touchdown;
			sourceTree = "<group>";
		};
		53FA3CA62610977A00AC8890 /* Preview Content */ = {
			isa = PBXGroup;
			children = (
				53FA3CA72610977A00AC8890 /* Preview Assets.xcassets */,
			);
			path = "Preview Content";
			sourceTree = "<group>";
		};
		53FA3CB926109AAF00AC8890 /* App */ = {
			isa = PBXGroup;
			children = (
				53FA3CA02610977900AC8890 /* TouchdownApp.swift */,
				53FA3CA22610977900AC8890 /* ContentView.swift */,
			);
			path = App;
			sourceTree = "<group>";
		};
		53FA3CBB26109AB700AC8890 /* Data */ = {
			isa = PBXGroup;
			children = (
				53FA3CB026109A1800AC8890 /* brand.json */,
				53FA3CB226109A1800AC8890 /* category.json */,
				53FA3CB126109A1800AC8890 /* player.json */,
				53FA3CB326109A1800AC8890 /* product.json */,
			);
			path = Data;
			sourceTree = "<group>";
		};
		53FA3CBC26109AC300AC8890 /* View */ = {
			isa = PBXGroup;
			children = (
				53FA3CBD26109ACC00AC8890 /* Home */,
				53FA3CBE26109AD700AC8890 /* Detail */,
			);
			path = View;
			sourceTree = "<group>";
		};
		53FA3CBD26109ACC00AC8890 /* Home */ = {
			isa = PBXGroup;
			children = (
				53FA3CC526109CF300AC8890 /* FooterView.swift */,
				53FA3CC92610C71B00AC8890 /* NavigationBarView.swift */,
				53FA3CCC2610C93300AC8890 /* LogoView.swift */,
			);
			path = Home;
			sourceTree = "<group>";
		};
		53FA3CBE26109AD700AC8890 /* Detail */ = {
			isa = PBXGroup;
			children = (
			);
			path = Detail;
			sourceTree = "<group>";
		};
		53FA3CBF26109AE500AC8890 /* Model */ = {
			isa = PBXGroup;
			children = (
			);
			path = Model;
			sourceTree = "<group>";
		};
		53FA3CC026109AEE00AC8890 /* Extension */ = {
			isa = PBXGroup;
			children = (
			);
			path = Extension;
			sourceTree = "<group>";
		};
		53FA3CC126109AFA00AC8890 /* Utiliity */ = {
			isa = PBXGroup;
			children = (
				53FA3CC226109B6300AC8890 /* Constants.swift */,
			);
			path = Utiliity;
			sourceTree = "<group>";
		};
/* End PBXGroup section */

/* Begin PBXNativeTarget section */
		53FA3C9C2610977900AC8890 /* Touchdown */ = {
			isa = PBXNativeTarget;
			buildConfigurationList = 53FA3CAC2610977A00AC8890 /* Build configuration list for PBXNativeTarget "Touchdown" */;
			buildPhases = (
				53FA3C992610977900AC8890 /* Sources */,
				53FA3C9A2610977900AC8890 /* Frameworks */,
				53FA3C9B2610977900AC8890 /* Resources */,
			);
			buildRules = (
			);
			dependencies = (
			);
			name = Touchdown;
			productName = Touchdown;
			productReference = 53FA3C9D2610977900AC8890 /* Touchdown.app */;
			productType = "com.apple.product-type.application";
		};
/* End PBXNativeTarget section */

/* Begin PBXProject section */
		53FA3C952610977900AC8890 /* Project object */ = {
			isa = PBXProject;
			attributes = {
				LastSwiftUpdateCheck = 1240;
				LastUpgradeCheck = 1240;
				TargetAttributes = {
					53FA3C9C2610977900AC8890 = {
						CreatedOnToolsVersion = 12.4;
					};
				};
			};
			buildConfigurationList = 53FA3C982610977900AC8890 /* Build configuration list for PBXProject "Touchdown" */;
			compatibilityVersion = "Xcode 9.3";
			developmentRegion = en;
			hasScannedForEncodings = 0;
			knownRegions = (
				en,
				Base,
			);
			mainGroup = 53FA3C942610977900AC8890;
			productRefGroup = 53FA3C9E2610977900AC8890 /* Products */;
			projectDirPath = "";
			projectRoot = "";
			targets = (
				53FA3C9C2610977900AC8890 /* Touchdown */,
			);
		};
/* End PBXProject section */

/* Begin PBXResourcesBuildPhase section */
		53FA3C9B2610977900AC8890 /* Resources */ = {
			isa = PBXResourcesBuildPhase;
			buildActionMask = 2147483647;
			files = (
				53FA3CB526109A1800AC8890 /* player.json in Resources */,
				53FA3CA82610977A00AC8890 /* Preview Assets.xcassets in Resources */,
				53FA3CB626109A1800AC8890 /* category.json in Resources */,
				53FA3CA52610977A00AC8890 /* Assets.xcassets in Resources */,
				53FA3CB426109A1800AC8890 /* brand.json in Resources */,
				53FA3CB726109A1800AC8890 /* product.json in Resources */,
			);
			runOnlyForDeploymentPostprocessing = 0;
		};
/* End PBXResourcesBuildPhase section */

/* Begin PBXSourcesBuildPhase section */
		53FA3C992610977900AC8890 /* Sources */ = {
			isa = PBXSourcesBuildPhase;
			buildActionMask = 2147483647;
			files = (
				53FA3CA32610977900AC8890 /* ContentView.swift in Sources */,
				53FA3CCD2610C93300AC8890 /* LogoView.swift in Sources */,
				53FA3CC626109CF300AC8890 /* FooterView.swift in Sources */,
				53FA3CA12610977900AC8890 /* TouchdownApp.swift in Sources */,
				53FA3CC326109B6300AC8890 /* Constants.swift in Sources */,
				53FA3CCA2610C71B00AC8890 /* NavigationBarView.swift in Sources */,
			);
			runOnlyForDeploymentPostprocessing = 0;
		};
/* End PBXSourcesBuildPhase section */

/* Begin XCBuildConfiguration section */
		53FA3CAA2610977A00AC8890 /* Debug */ = {
			isa = XCBuildConfiguration;
			buildSettings = {
				ALWAYS_SEARCH_USER_PATHS = NO;
				CLANG_ANALYZER_NONNULL = YES;
				CLANG_ANALYZER_NUMBER_OBJECT_CONVERSION = YES_AGGRESSIVE;
				CLANG_CXX_LANGUAGE_STANDARD = "gnu++14";
				CLANG_CXX_LIBRARY = "libc++";
				CLANG_ENABLE_MODULES = YES;
				CLANG_ENABLE_OBJC_ARC = YES;
				CLANG_ENABLE_OBJC_WEAK = YES;
				CLANG_WARN_BLOCK_CAPTURE_AUTORELEASING = YES;
				CLANG_WARN_BOOL_CONVERSION = YES;
				CLANG_WARN_COMMA = YES;
				CLANG_WARN_CONSTANT_CONVERSION = YES;
				CLANG_WARN_DEPRECATED_OBJC_IMPLEMENTATIONS = YES;
				CLANG_WARN_DIRECT_OBJC_ISA_USAGE = YES_ERROR;
				CLANG_WARN_DOCUMENTATION_COMMENTS = YES;
				CLANG_WARN_EMPTY_BODY = YES;
				CLANG_WARN_ENUM_CONVERSION = YES;
				CLANG_WARN_INFINITE_RECURSION = YES;
				CLANG_WARN_INT_CONVERSION = YES;
				CLANG_WARN_NON_LITERAL_NULL_CONVERSION = YES;
				CLANG_WARN_OBJC_IMPLICIT_RETAIN_SELF = YES;
				CLANG_WARN_OBJC_LITERAL_CONVERSION = YES;
				CLANG_WARN_OBJC_ROOT_CLASS = YES_ERROR;
				CLANG_WARN_QUOTED_INCLUDE_IN_FRAMEWORK_HEADER = YES;
				CLANG_WARN_RANGE_LOOP_ANALYSIS = YES;
				CLANG_WARN_STRICT_PROTOTYPES = YES;
				CLANG_WARN_SUSPICIOUS_MOVE = YES;
				CLANG_WARN_UNGUARDED_AVAILABILITY = YES_AGGRESSIVE;
				CLANG_WARN_UNREACHABLE_CODE = YES;
				CLANG_WARN__DUPLICATE_METHOD_MATCH = YES;
				COPY_PHASE_STRIP = NO;
				DEBUG_INFORMATION_FORMAT = dwarf;
				ENABLE_STRICT_OBJC_MSGSEND = YES;
				ENABLE_TESTABILITY = YES;
				GCC_C_LANGUAGE_STANDARD = gnu11;
				GCC_DYNAMIC_NO_PIC = NO;
				GCC_NO_COMMON_BLOCKS = YES;
				GCC_OPTIMIZATION_LEVEL = 0;
				GCC_PREPROCESSOR_DEFINITIONS = (
					"DEBUG=1",
					"$(inherited)",
				);
				GCC_WARN_64_TO_32_BIT_CONVERSION = YES;
				GCC_WARN_ABOUT_RETURN_TYPE = YES_ERROR;
				GCC_WARN_UNDECLARED_SELECTOR = YES;
				GCC_WARN_UNINITIALIZED_AUTOS = YES_AGGRESSIVE;
				GCC_WARN_UNUSED_FUNCTION = YES;
				GCC_WARN_UNUSED_VARIABLE = YES;
				IPHONEOS_DEPLOYMENT_TARGET = 14.4;
				MTL_ENABLE_DEBUG_INFO = INCLUDE_SOURCE;
				MTL_FAST_MATH = YES;
				ONLY_ACTIVE_ARCH = YES;
				SDKROOT = iphoneos;
				SWIFT_ACTIVE_COMPILATION_CONDITIONS = DEBUG;
				SWIFT_OPTIMIZATION_LEVEL = "-Onone";
			};
			name = Debug;
		};
		53FA3CAB2610977A00AC8890 /* Release */ = {
			isa = XCBuildConfiguration;
			buildSettings = {
				ALWAYS_SEARCH_USER_PATHS = NO;
				CLANG_ANALYZER_NONNULL = YES;
				CLANG_ANALYZER_NUMBER_OBJECT_CONVERSION = YES_AGGRESSIVE;
				CLANG_CXX_LANGUAGE_STANDARD = "gnu++14";
				CLANG_CXX_LIBRARY = "libc++";
				CLANG_ENABLE_MODULES = YES;
				CLANG_ENABLE_OBJC_ARC = YES;
				CLANG_ENABLE_OBJC_WEAK = YES;
				CLANG_WARN_BLOCK_CAPTURE_AUTORELEASING = YES;
				CLANG_WARN_BOOL_CONVERSION = YES;
				CLANG_WARN_COMMA = YES;
				CLANG_WARN_CONSTANT_CONVERSION = YES;
				CLANG_WARN_DEPRECATED_OBJC_IMPLEMENTATIONS = YES;
				CLANG_WARN_DIRECT_OBJC_ISA_USAGE = YES_ERROR;
				CLANG_WARN_DOCUMENTATION_COMMENTS = YES;
				CLANG_WARN_EMPTY_BODY = YES;
				CLANG_WARN_ENUM_CONVERSION = YES;
				CLANG_WARN_INFINITE_RECURSION = YES;
				CLANG_WARN_INT_CONVERSION = YES;
				CLANG_WARN_NON_LITERAL_NULL_CONVERSION = YES;
				CLANG_WARN_OBJC_IMPLICIT_RETAIN_SELF = YES;
				CLANG_WARN_OBJC_LITERAL_CONVERSION = YES;
				CLANG_WARN_OBJC_ROOT_CLASS = YES_ERROR;
				CLANG_WARN_QUOTED_INCLUDE_IN_FRAMEWORK_HEADER = YES;
				CLANG_WARN_RANGE_LOOP_ANALYSIS = YES;
				CLANG_WARN_STRICT_PROTOTYPES = YES;
				CLANG_WARN_SUSPICIOUS_MOVE = YES;
				CLANG_WARN_UNGUARDED_AVAILABILITY = YES_AGGRESSIVE;
				CLANG_WARN_UNREACHABLE_CODE = YES;
				CLANG_WARN__DUPLICATE_METHOD_MATCH = YES;
				COPY_PHASE_STRIP = NO;
				DEBUG_INFORMATION_FORMAT = "dwarf-with-dsym";
				ENABLE_NS_ASSERTIONS = NO;
				ENABLE_STRICT_OBJC_MSGSEND = YES;
				GCC_C_LANGUAGE_STANDARD = gnu11;
				GCC_NO_COMMON_BLOCKS = YES;
				GCC_WARN_64_TO_32_BIT_CONVERSION = YES;
				GCC_WARN_ABOUT_RETURN_TYPE = YES_ERROR;
				GCC_WARN_UNDECLARED_SELECTOR = YES;
				GCC_WARN_UNINITIALIZED_AUTOS = YES_AGGRESSIVE;
				GCC_WARN_UNUSED_FUNCTION = YES;
				GCC_WARN_UNUSED_VARIABLE = YES;
				IPHONEOS_DEPLOYMENT_TARGET = 14.4;
				MTL_ENABLE_DEBUG_INFO = NO;
				MTL_FAST_MATH = YES;
				SDKROOT = iphoneos;
				SWIFT_COMPILATION_MODE = wholemodule;
				SWIFT_OPTIMIZATION_LEVEL = "-O";
				VALIDATE_PRODUCT = YES;
			};
			name = Release;
		};
		53FA3CAD2610977A00AC8890 /* Debug */ = {
			isa = XCBuildConfiguration;
			buildSettings = {
				ASSETCATALOG_COMPILER_APPICON_NAME = AppIcon;
				ASSETCATALOG_COMPILER_GLOBAL_ACCENT_COLOR_NAME = AccentColor;
				CODE_SIGN_STYLE = Automatic;
				DEVELOPMENT_ASSET_PATHS = "\"Touchdown/Preview Content\"";
				DEVELOPMENT_TEAM = N9D8WLVRMB;
				ENABLE_PREVIEWS = YES;
				INFOPLIST_FILE = Touchdown/Info.plist;
				IPHONEOS_DEPLOYMENT_TARGET = 14.0;
				LD_RUNPATH_SEARCH_PATHS = (
					"$(inherited)",
					"@executable_path/Frameworks",
				);
				PRODUCT_BUNDLE_IDENTIFIER = com.Rachapoom.Mark.Touchdown;
				PRODUCT_NAME = "$(TARGET_NAME)";
				SWIFT_VERSION = 5.0;
				TARGETED_DEVICE_FAMILY = "1,2";
			};
			name = Debug;
		};
		53FA3CAE2610977A00AC8890 /* Release */ = {
			isa = XCBuildConfiguration;
			buildSettings = {
				ASSETCATALOG_COMPILER_APPICON_NAME = AppIcon;
				ASSETCATALOG_COMPILER_GLOBAL_ACCENT_COLOR_NAME = AccentColor;
				CODE_SIGN_STYLE = Automatic;
				DEVELOPMENT_ASSET_PATHS = "\"Touchdown/Preview Content\"";
				DEVELOPMENT_TEAM = N9D8WLVRMB;
				ENABLE_PREVIEWS = YES;
				INFOPLIST_FILE = Touchdown/Info.plist;
				IPHONEOS_DEPLOYMENT_TARGET = 14.0;
				LD_RUNPATH_SEARCH_PATHS = (
					"$(inherited)",
					"@executable_path/Frameworks",
				);
				PRODUCT_BUNDLE_IDENTIFIER = com.Rachapoom.Mark.Touchdown;
				PRODUCT_NAME = "$(TARGET_NAME)";
				SWIFT_VERSION = 5.0;
				TARGETED_DEVICE_FAMILY = "1,2";
			};
			name = Release;
		};
/* End XCBuildConfiguration section */

/* Begin XCConfigurationList section */
		53FA3C982610977900AC8890 /* Build configuration list for PBXProject "Touchdown" */ = {
			isa = XCConfigurationList;
			buildConfigurations = (
				53FA3CAA2610977A00AC8890 /* Debug */,
				53FA3CAB2610977A00AC8890 /* Release */,
			);
			defaultConfigurationIsVisible = 0;
			defaultConfigurationName = Release;
		};
		53FA3CAC2610977A00AC8890 /* Build configuration list for PBXNativeTarget "Touchdown" */ = {
			isa = XCConfigurationList;
			buildConfigurations = (
				53FA3CAD2610977A00AC8890 /* Debug */,
				53FA3CAE2610977A00AC8890 /* Release */,
			);
			defaultConfigurationIsVisible = 0;
			defaultConfigurationName = Release;
		};
/* End XCConfigurationList section */
	};
	rootObject = 53FA3C952610977900AC8890 /* Project object */;
}
